// !$*UTF8*$!
{
	archiveVersion = 1;
	classes = {
	};
	objectVersion = 56;
	objects = {

/* Begin PBXBuildFile section */
		059CDA2A2B98B7FC0042BB55 /* AppDelegate.swift in Sources */ = {isa = PBXBuildFile; fileRef = 059CDA292B98B7FC0042BB55 /* AppDelegate.swift */; };
		059CDA2C2B98B7FC0042BB55 /* SceneDelegate.swift in Sources */ = {isa = PBXBuildFile; fileRef = 059CDA2B2B98B7FC0042BB55 /* SceneDelegate.swift */; };
		059CDA2E2B98B7FC0042BB55 /* ViewController.swift in Sources */ = {isa = PBXBuildFile; fileRef = 059CDA2D2B98B7FC0042BB55 /* ViewController.swift */; };
		059CDA312B98B7FC0042BB55 /* Main.storyboard in Resources */ = {isa = PBXBuildFile; fileRef = 059CDA2F2B98B7FC0042BB55 /* Main.storyboard */; };
		059CDA332B98B8000042BB55 /* Assets.xcassets in Resources */ = {isa = PBXBuildFile; fileRef = 059CDA322B98B8000042BB55 /* Assets.xcassets */; };
		059CDA362B98B8000042BB55 /* LaunchScreen.storyboard in Resources */ = {isa = PBXBuildFile; fileRef = 059CDA342B98B8000042BB55 /* LaunchScreen.storyboard */; };
		059CDA412B98B8000042BB55 /* HomeWork5Tests.swift in Sources */ = {isa = PBXBuildFile; fileRef = 059CDA402B98B8000042BB55 /* HomeWork5Tests.swift */; };
		059CDA4B2B98B8000042BB55 /* HomeWork5UITests.swift in Sources */ = {isa = PBXBuildFile; fileRef = 059CDA4A2B98B8000042BB55 /* HomeWork5UITests.swift */; };
		059CDA4D2B98B8000042BB55 /* HomeWork5UITestsLaunchTests.swift in Sources */ = {isa = PBXBuildFile; fileRef = 059CDA4C2B98B8000042BB55 /* HomeWork5UITestsLaunchTests.swift */; };
/* End PBXBuildFile section */

/* Begin PBXContainerItemProxy section */
		059CDA3D2B98B8000042BB55 /* PBXContainerItemProxy */ = {
			isa = PBXContainerItemProxy;
			containerPortal = 059CDA1E2B98B7FC0042BB55 /* Project object */;
			proxyType = 1;
			remoteGlobalIDString = 059CDA252B98B7FC0042BB55;
			remoteInfo = HomeWork5;
		};
		059CDA472B98B8000042BB55 /* PBXContainerItemProxy */ = {
			isa = PBXContainerItemProxy;
			containerPortal = 059CDA1E2B98B7FC0042BB55 /* Project object */;
			proxyType = 1;
			remoteGlobalIDString = 059CDA252B98B7FC0042BB55;
			remoteInfo = HomeWork5;
		};
/* End PBXContainerItemProxy section */

/* Begin PBXFileReference section */
		059CDA262B98B7FC0042BB55 /* HomeWork5.app */ = {isa = PBXFileReference; explicitFileType = wrapper.application; includeInIndex = 0; path = HomeWork5.app; sourceTree = BUILT_PRODUCTS_DIR; };
		059CDA292B98B7FC0042BB55 /* AppDelegate.swift */ = {isa = PBXFileReference; lastKnownFileType = sourcecode.swift; path = AppDelegate.swift; sourceTree = "<group>"; };
		059CDA2B2B98B7FC0042BB55 /* SceneDelegate.swift */ = {isa = PBXFileReference; lastKnownFileType = sourcecode.swift; path = SceneDelegate.swift; sourceTree = "<group>"; };
		059CDA2D2B98B7FC0042BB55 /* ViewController.swift */ = {isa = PBXFileReference; lastKnownFileType = sourcecode.swift; path = ViewController.swift; sourceTree = "<group>"; };
		059CDA302B98B7FC0042BB55 /* Base */ = {isa = PBXFileReference; lastKnownFileType = file.storyboard; name = Base; path = Base.lproj/Main.storyboard; sourceTree = "<group>"; };
		059CDA322B98B8000042BB55 /* Assets.xcassets */ = {isa = PBXFileReference; lastKnownFileType = folder.assetcatalog; path = Assets.xcassets; sourceTree = "<group>"; };
		059CDA352B98B8000042BB55 /* Base */ = {isa = PBXFileReference; lastKnownFileType = file.storyboard; name = Base; path = Base.lproj/LaunchScreen.storyboard; sourceTree = "<group>"; };
		059CDA372B98B8000042BB55 /* Info.plist */ = {isa = PBXFileReference; lastKnownFileType = text.plist.xml; path = Info.plist; sourceTree = "<group>"; };
		059CDA3C2B98B8000042BB55 /* HomeWork5Tests.xctest */ = {isa = PBXFileReference; explicitFileType = wrapper.cfbundle; includeInIndex = 0; path = HomeWork5Tests.xctest; sourceTree = BUILT_PRODUCTS_DIR; };
		059CDA402B98B8000042BB55 /* HomeWork5Tests.swift */ = {isa = PBXFileReference; lastKnownFileType = sourcecode.swift; path = HomeWork5Tests.swift; sourceTree = "<group>"; };
		059CDA462B98B8000042BB55 /* HomeWork5UITests.xctest */ = {isa = PBXFileReference; explicitFileType = wrapper.cfbundle; includeInIndex = 0; path = HomeWork5UITests.xctest; sourceTree = BUILT_PRODUCTS_DIR; };
		059CDA4A2B98B8000042BB55 /* HomeWork5UITests.swift */ = {isa = PBXFileReference; lastKnownFileType = sourcecode.swift; path = HomeWork5UITests.swift; sourceTree = "<group>"; };
		059CDA4C2B98B8000042BB55 /* HomeWork5UITestsLaunchTests.swift */ = {isa = PBXFileReference; lastKnownFileType = sourcecode.swift; path = HomeWork5UITestsLaunchTests.swift; sourceTree = "<group>"; };
/* End PBXFileReference section */

/* Begin PBXFrameworksBuildPhase section */
		059CDA232B98B7FC0042BB55 /* Frameworks */ = {
			isa = PBXFrameworksBuildPhase;
			buildActionMask = 2147483647;
			files = (
			);
			runOnlyForDeploymentPostprocessing = 0;
		};
		059CDA392B98B8000042BB55 /* Frameworks */ = {
			isa = PBXFrameworksBuildPhase;
			buildActionMask = 2147483647;
			files = (
			);
			runOnlyForDeploymentPostprocessing = 0;
		};
		059CDA432B98B8000042BB55 /* Frameworks */ = {
			isa = PBXFrameworksBuildPhase;
			buildActionMask = 2147483647;
			files = (
			);
			runOnlyForDeploymentPostprocessing = 0;
		};
/* End PBXFrameworksBuildPhase section */

/* Begin PBXGroup section */
		059CDA1D2B98B7FC0042BB55 = {
			isa = PBXGroup;
			children = (
				059CDA282B98B7FC0042BB55 /* HomeWork5 */,
				059CDA3F2B98B8000042BB55 /* HomeWork5Tests */,
				059CDA492B98B8000042BB55 /* HomeWork5UITests */,
				059CDA272B98B7FC0042BB55 /* Products */,
			);
			sourceTree = "<group>";
		};
		059CDA272B98B7FC0042BB55 /* Products */ = {
			isa = PBXGroup;
			children = (
				059CDA262B98B7FC0042BB55 /* HomeWork5.app */,
				059CDA3C2B98B8000042BB55 /* HomeWork5Tests.xctest */,
				059CDA462B98B8000042BB55 /* HomeWork5UITests.xctest */,
			);
			name = Products;
			sourceTree = "<group>";
		};
		059CDA282B98B7FC0042BB55 /* HomeWork5 */ = {
			isa = PBXGroup;
			children = (
				059CDA292B98B7FC0042BB55 /* AppDelegate.swift */,
				059CDA2B2B98B7FC0042BB55 /* SceneDelegate.swift */,
				059CDA2D2B98B7FC0042BB55 /* ViewController.swift */,
				059CDA2F2B98B7FC0042BB55 /* Main.storyboard */,
				059CDA322B98B8000042BB55 /* Assets.xcassets */,
				059CDA342B98B8000042BB55 /* LaunchScreen.storyboard */,
				059CDA372B98B8000042BB55 /* Info.plist */,
			);
			path = HomeWork5;
			sourceTree = "<group>";
		};
		059CDA3F2B98B8000042BB55 /* HomeWork5Tests */ = {
			isa = PBXGroup;
			children = (
				059CDA402B98B8000042BB55 /* HomeWork5Tests.swift */,
			);
			path = HomeWork5Tests;
			sourceTree = "<group>";
		};
		059CDA492B98B8000042BB55 /* HomeWork5UITests */ = {
			isa = PBXGroup;
			children = (
				059CDA4A2B98B8000042BB55 /* HomeWork5UITests.swift */,
				059CDA4C2B98B8000042BB55 /* HomeWork5UITestsLaunchTests.swift */,
			);
			path = HomeWork5UITests;
			sourceTree = "<group>";
		};
/* End PBXGroup section */

/* Begin PBXNativeTarget section */
		059CDA252B98B7FC0042BB55 /* HomeWork5 */ = {
			isa = PBXNativeTarget;
			buildConfigurationList = 059CDA502B98B8000042BB55 /* Build configuration list for PBXNativeTarget "HomeWork5" */;
			buildPhases = (
				059CDA222B98B7FC0042BB55 /* Sources */,
				059CDA232B98B7FC0042BB55 /* Frameworks */,
				059CDA242B98B7FC0042BB55 /* Resources */,
			);
			buildRules = (
			);
			dependencies = (
			);
			name = HomeWork5;
			productName = HomeWork5;
			productReference = 059CDA262B98B7FC0042BB55 /* HomeWork5.app */;
			productType = "com.apple.product-type.application";
		};
		059CDA3B2B98B8000042BB55 /* HomeWork5Tests */ = {
			isa = PBXNativeTarget;
			buildConfigurationList = 059CDA532B98B8000042BB55 /* Build configuration list for PBXNativeTarget "HomeWork5Tests" */;
			buildPhases = (
				059CDA382B98B8000042BB55 /* Sources */,
				059CDA392B98B8000042BB55 /* Frameworks */,
				059CDA3A2B98B8000042BB55 /* Resources */,
			);
			buildRules = (
			);
			dependencies = (
				059CDA3E2B98B8000042BB55 /* PBXTargetDependency */,
			);
			name = HomeWork5Tests;
			productName = HomeWork5Tests;
			productReference = 059CDA3C2B98B8000042BB55 /* HomeWork5Tests.xctest */;
			productType = "com.apple.product-type.bundle.unit-test";
		};
		059CDA452B98B8000042BB55 /* HomeWork5UITests */ = {
			isa = PBXNativeTarget;
			buildConfigurationList = 059CDA562B98B8000042BB55 /* Build configuration list for PBXNativeTarget "HomeWork5UITests" */;
			buildPhases = (
				059CDA422B98B8000042BB55 /* Sources */,
				059CDA432B98B8000042BB55 /* Frameworks */,
				059CDA442B98B8000042BB55 /* Resources */,
			);
			buildRules = (
			);
			dependencies = (
				059CDA482B98B8000042BB55 /* PBXTargetDependency */,
			);
			name = HomeWork5UITests;
			productName = HomeWork5UITests;
			productReference = 059CDA462B98B8000042BB55 /* HomeWork5UITests.xctest */;
			productType = "com.apple.product-type.bundle.ui-testing";
		};
/* End PBXNativeTarget section */

/* Begin PBXProject section */
		059CDA1E2B98B7FC0042BB55 /* Project object */ = {
			isa = PBXProject;
			attributes = {
				BuildIndependentTargetsInParallel = 1;
				LastSwiftUpdateCheck = 1520;
				LastUpgradeCheck = 1520;
				TargetAttributes = {
					059CDA252B98B7FC0042BB55 = {
						CreatedOnToolsVersion = 15.2;
					};
					059CDA3B2B98B8000042BB55 = {
						CreatedOnToolsVersion = 15.2;
						TestTargetID = 059CDA252B98B7FC0042BB55;
					};
					059CDA452B98B8000042BB55 = {
						CreatedOnToolsVersion = 15.2;
						TestTargetID = 059CDA252B98B7FC0042BB55;
					};
				};
			};
			buildConfigurationList = 059CDA212B98B7FC0042BB55 /* Build configuration list for PBXProject "HomeWork5" */;
			compatibilityVersion = "Xcode 14.0";
			developmentRegion = en;
			hasScannedForEncodings = 0;
			knownRegions = (
				en,
				Base,
			);
			mainGroup = 059CDA1D2B98B7FC0042BB55;
			productRefGroup = 059CDA272B98B7FC0042BB55 /* Products */;
			projectDirPath = "";
			projectRoot = "";
			targets = (
				059CDA252B98B7FC0042BB55 /* HomeWork5 */,
				059CDA3B2B98B8000042BB55 /* HomeWork5Tests */,
				059CDA452B98B8000042BB55 /* HomeWork5UITests */,
			);
		};
/* End PBXProject section */

/* Begin PBXResourcesBuildPhase section */
		059CDA242B98B7FC0042BB55 /* Resources */ = {
			isa = PBXResourcesBuildPhase;
			buildActionMask = 2147483647;
			files = (
				059CDA362B98B8000042BB55 /* LaunchScreen.storyboard in Resources */,
				059CDA332B98B8000042BB55 /* Assets.xcassets in Resources */,
				059CDA312B98B7FC0042BB55 /* Main.storyboard in Resources */,
			);
			runOnlyForDeploymentPostprocessing = 0;
		};
		059CDA3A2B98B8000042BB55 /* Resources */ = {
			isa = PBXResourcesBuildPhase;
			buildActionMask = 2147483647;
			files = (
			);
			runOnlyForDeploymentPostprocessing = 0;
		};
		059CDA442B98B8000042BB55 /* Resources */ = {
			isa = PBXResourcesBuildPhase;
			buildActionMask = 2147483647;
			files = (
			);
			runOnlyForDeploymentPostprocessing = 0;
		};
/* End PBXResourcesBuildPhase section */

/* Begin PBXSourcesBuildPhase section */
		059CDA222B98B7FC0042BB55 /* Sources */ = {
			isa = PBXSourcesBuildPhase;
			buildActionMask = 2147483647;
			files = (
				059CDA2E2B98B7FC0042BB55 /* ViewController.swift in Sources */,
				059CDA2A2B98B7FC0042BB55 /* AppDelegate.swift in Sources */,
				059CDA2C2B98B7FC0042BB55 /* SceneDelegate.swift in Sources */,
			);
			runOnlyForDeploymentPostprocessing = 0;
		};
		059CDA382B98B8000042BB55 /* Sources */ = {
			isa = PBXSourcesBuildPhase;
			buildActionMask = 2147483647;
			files = (
				059CDA412B98B8000042BB55 /* HomeWork5Tests.swift in Sources */,
			);
			runOnlyForDeploymentPostprocessing = 0;
		};
		059CDA422B98B8000042BB55 /* Sources */ = {
			isa = PBXSourcesBuildPhase;
			buildActionMask = 2147483647;
			files = (
				059CDA4D2B98B8000042BB55 /* HomeWork5UITestsLaunchTests.swift in Sources */,
				059CDA4B2B98B8000042BB55 /* HomeWork5UITests.swift in Sources */,
			);
			runOnlyForDeploymentPostprocessing = 0;
		};
/* End PBXSourcesBuildPhase section */

/* Begin PBXTargetDependency section */
		059CDA3E2B98B8000042BB55 /* PBXTargetDependency */ = {
			isa = PBXTargetDependency;
			target = 059CDA252B98B7FC0042BB55 /* HomeWork5 */;
			targetProxy = 059CDA3D2B98B8000042BB55 /* PBXContainerItemProxy */;
		};
		059CDA482B98B8000042BB55 /* PBXTargetDependency */ = {
			isa = PBXTargetDependency;
			target = 059CDA252B98B7FC0042BB55 /* HomeWork5 */;
			targetProxy = 059CDA472B98B8000042BB55 /* PBXContainerItemProxy */;
		};
/* End PBXTargetDependency section */

/* Begin PBXVariantGroup section */
		059CDA2F2B98B7FC0042BB55 /* Main.storyboard */ = {
			isa = PBXVariantGroup;
			children = (
				059CDA302B98B7FC0042BB55 /* Base */,
			);
			name = Main.storyboard;
			sourceTree = "<group>";
		};
		059CDA342B98B8000042BB55 /* LaunchScreen.storyboard */ = {
			isa = PBXVariantGroup;
			children = (
				059CDA352B98B8000042BB55 /* Base */,
			);
			name = LaunchScreen.storyboard;
			sourceTree = "<group>";
		};
/* End PBXVariantGroup section */

/* Begin XCBuildConfiguration section */
		059CDA4E2B98B8000042BB55 /* Debug */ = {
			isa = XCBuildConfiguration;
			buildSettings = {
				ALWAYS_SEARCH_USER_PATHS = NO;
				ASSETCATALOG_COMPILER_GENERATE_SWIFT_ASSET_SYMBOL_EXTENSIONS = YES;
				CLANG_ANALYZER_NONNULL = YES;
				CLANG_ANALYZER_NUMBER_OBJECT_CONVERSION = YES_AGGRESSIVE;
				CLANG_CXX_LANGUAGE_STANDARD = "gnu++20";
				CLANG_ENABLE_MODULES = YES;
				CLANG_ENABLE_OBJC_ARC = YES;
				CLANG_ENABLE_OBJC_WEAK = YES;
				CLANG_WARN_BLOCK_CAPTURE_AUTORELEASING = YES;
				CLANG_WARN_BOOL_CONVERSION = YES;
				CLANG_WARN_COMMA = YES;
				CLANG_WARN_CONSTANT_CONVERSION = YES;
				CLANG_WARN_DEPRECATED_OBJC_IMPLEMENTATIONS = YES;
				CLANG_WARN_DIRECT_OBJC_ISA_USAGE = YES_ERROR;
				CLANG_WARN_DOCUMENTATION_COMMENTS = YES;
				CLANG_WARN_EMPTY_BODY = YES;
				CLANG_WARN_ENUM_CONVERSION = YES;
				CLANG_WARN_INFINITE_RECURSION = YES;
				CLANG_WARN_INT_CONVERSION = YES;
				CLANG_WARN_NON_LITERAL_NULL_CONVERSION = YES;
				CLANG_WARN_OBJC_IMPLICIT_RETAIN_SELF = YES;
				CLANG_WARN_OBJC_LITERAL_CONVERSION = YES;
				CLANG_WARN_OBJC_ROOT_CLASS = YES_ERROR;
				CLANG_WARN_QUOTED_INCLUDE_IN_FRAMEWORK_HEADER = YES;
				CLANG_WARN_RANGE_LOOP_ANALYSIS = YES;
				CLANG_WARN_STRICT_PROTOTYPES = YES;
				CLANG_WARN_SUSPICIOUS_MOVE = YES;
				CLANG_WARN_UNGUARDED_AVAILABILITY = YES_AGGRESSIVE;
				CLANG_WARN_UNREACHABLE_CODE = YES;
				CLANG_WARN__DUPLICATE_METHOD_MATCH = YES;
				COPY_PHASE_STRIP = NO;
				DEBUG_INFORMATION_FORMAT = dwarf;
				ENABLE_STRICT_OBJC_MSGSEND = YES;
				ENABLE_TESTABILITY = YES;
				ENABLE_USER_SCRIPT_SANDBOXING = YES;
				GCC_C_LANGUAGE_STANDARD = gnu17;
				GCC_DYNAMIC_NO_PIC = NO;
				GCC_NO_COMMON_BLOCKS = YES;
				GCC_OPTIMIZATION_LEVEL = 0;
				GCC_PREPROCESSOR_DEFINITIONS = (
					"DEBUG=1",
					"$(inherited)",
				);
				GCC_WARN_64_TO_32_BIT_CONVERSION = YES;
				GCC_WARN_ABOUT_RETURN_TYPE = YES_ERROR;
				GCC_WARN_UNDECLARED_SELECTOR = YES;
				GCC_WARN_UNINITIALIZED_AUTOS = YES_AGGRESSIVE;
				GCC_WARN_UNUSED_FUNCTION = YES;
				GCC_WARN_UNUSED_VARIABLE = YES;
				IPHONEOS_DEPLOYMENT_TARGET = 17.2;
				LOCALIZATION_PREFERS_STRING_CATALOGS = YES;
				MTL_ENABLE_DEBUG_INFO = INCLUDE_SOURCE;
				MTL_FAST_MATH = YES;
				ONLY_ACTIVE_ARCH = YES;
				SDKROOT = iphoneos;
				SWIFT_ACTIVE_COMPILATION_CONDITIONS = "DEBUG $(inherited)";
				SWIFT_OPTIMIZATION_LEVEL = "-Onone";
			};
			name = Debug;
		};
		059CDA4F2B98B8000042BB55 /* Release */ = {
			isa = XCBuildConfiguration;
			buildSettings = {
				ALWAYS_SEARCH_USER_PATHS = NO;
				ASSETCATALOG_COMPILER_GENERATE_SWIFT_ASSET_SYMBOL_EXTENSIONS = YES;
				CLANG_ANALYZER_NONNULL = YES;
				CLANG_ANALYZER_NUMBER_OBJECT_CONVERSION = YES_AGGRESSIVE;
				CLANG_CXX_LANGUAGE_STANDARD = "gnu++20";
				CLANG_ENABLE_MODULES = YES;
				CLANG_ENABLE_OBJC_ARC = YES;
				CLANG_ENABLE_OBJC_WEAK = YES;
				CLANG_WARN_BLOCK_CAPTURE_AUTORELEASING = YES;
				CLANG_WARN_BOOL_CONVERSION = YES;
				CLANG_WARN_COMMA = YES;
				CLANG_WARN_CONSTANT_CONVERSION = YES;
				CLANG_WARN_DEPRECATED_OBJC_IMPLEMENTATIONS = YES;
				CLANG_WARN_DIRECT_OBJC_ISA_USAGE = YES_ERROR;
				CLANG_WARN_DOCUMENTATION_COMMENTS = YES;
				CLANG_WARN_EMPTY_BODY = YES;
				CLANG_WARN_ENUM_CONVERSION = YES;
				CLANG_WARN_INFINITE_RECURSION = YES;
				CLANG_WARN_INT_CONVERSION = YES;
				CLANG_WARN_NON_LITERAL_NULL_CONVERSION = YES;
				CLANG_WARN_OBJC_IMPLICIT_RETAIN_SELF = YES;
				CLANG_WARN_OBJC_LITERAL_CONVERSION = YES;
				CLANG_WARN_OBJC_ROOT_CLASS = YES_ERROR;
				CLANG_WARN_QUOTED_INCLUDE_IN_FRAMEWORK_HEADER = YES;
				CLANG_WARN_RANGE_LOOP_ANALYSIS = YES;
				CLANG_WARN_STRICT_PROTOTYPES = YES;
				CLANG_WARN_SUSPICIOUS_MOVE = YES;
				CLANG_WARN_UNGUARDED_AVAILABILITY = YES_AGGRESSIVE;
				CLANG_WARN_UNREACHABLE_CODE = YES;
				CLANG_WARN__DUPLICATE_METHOD_MATCH = YES;
				COPY_PHASE_STRIP = NO;
				DEBUG_INFORMATION_FORMAT = "dwarf-with-dsym";
				ENABLE_NS_ASSERTIONS = NO;
				ENABLE_STRICT_OBJC_MSGSEND = YES;
				ENABLE_USER_SCRIPT_SANDBOXING = YES;
				GCC_C_LANGUAGE_STANDARD = gnu17;
				GCC_NO_COMMON_BLOCKS = YES;
				GCC_WARN_64_TO_32_BIT_CONVERSION = YES;
				GCC_WARN_ABOUT_RETURN_TYPE = YES_ERROR;
				GCC_WARN_UNDECLARED_SELECTOR = YES;
				GCC_WARN_UNINITIALIZED_AUTOS = YES_AGGRESSIVE;
				GCC_WARN_UNUSED_FUNCTION = YES;
				GCC_WARN_UNUSED_VARIABLE = YES;
				IPHONEOS_DEPLOYMENT_TARGET = 17.2;
				LOCALIZATION_PREFERS_STRING_CATALOGS = YES;
				MTL_ENABLE_DEBUG_INFO = NO;
				MTL_FAST_MATH = YES;
				SDKROOT = iphoneos;
				SWIFT_COMPILATION_MODE = wholemodule;
				VALIDATE_PRODUCT = YES;
			};
			name = Release;
		};
		059CDA512B98B8000042BB55 /* Debug */ = {
			isa = XCBuildConfiguration;
			buildSettings = {
				ASSETCATALOG_COMPILER_APPICON_NAME = AppIcon;
				ASSETCATALOG_COMPILER_GLOBAL_ACCENT_COLOR_NAME = AccentColor;
				CODE_SIGN_STYLE = Automatic;
				CURRENT_PROJECT_VERSION = 1;
				GENERATE_INFOPLIST_FILE = YES;
				INFOPLIST_FILE = HomeWork5/Info.plist;
				INFOPLIST_KEY_UIApplicationSupportsIndirectInputEvents = YES;
				INFOPLIST_KEY_UILaunchStoryboardName = LaunchScreen;
				INFOPLIST_KEY_UIMainStoryboardFile = Main;
				INFOPLIST_KEY_UISupportedInterfaceOrientations_iPad = "UIInterfaceOrientationPortrait UIInterfaceOrientationPortraitUpsideDown UIInterfaceOrientationLandscapeLeft UIInterfaceOrientationLandscapeRight";
				INFOPLIST_KEY_UISupportedInterfaceOrientations_iPhone = "UIInterfaceOrientationPortrait UIInterfaceOrientationLandscapeLeft UIInterfaceOrientationLandscapeRight";
				LD_RUNPATH_SEARCH_PATHS = (
					"$(inherited)",
					"@executable_path/Frameworks",
				);
				MARKETING_VERSION = 1.0;
				PRODUCT_BUNDLE_IDENTIFIER = ZhukMaryna.HomeWork5;
				PRODUCT_NAME = "$(TARGET_NAME)";
				SWIFT_EMIT_LOC_STRINGS = YES;
				SWIFT_VERSION = 5.0;
				TARGETED_DEVICE_FAMILY = "1,2";
			};
			name = Debug;
		};
		059CDA522B98B8000042BB55 /* Release */ = {
			isa = XCBuildConfiguration;
			buildSettings = {
				ASSETCATALOG_COMPILER_APPICON_NAME = AppIcon;
				ASSETCATALOG_COMPILER_GLOBAL_ACCENT_COLOR_NAME = AccentColor;
				CODE_SIGN_STYLE = Automatic;
				CURRENT_PROJECT_VERSION = 1;
				GENERATE_INFOPLIST_FILE = YES;
				INFOPLIST_FILE = HomeWork5/Info.plist;
				INFOPLIST_KEY_UIApplicationSupportsIndirectInputEvents = YES;
				INFOPLIST_KEY_UILaunchStoryboardName = LaunchScreen;
				INFOPLIST_KEY_UIMainStoryboardFile = Main;
				INFOPLIST_KEY_UISupportedInterfaceOrientations_iPad = "UIInterfaceOrientationPortrait UIInterfaceOrientationPortraitUpsideDown UIInterfaceOrientationLandscapeLeft UIInterfaceOrientationLandscapeRight";
				INFOPLIST_KEY_UISupportedInterfaceOrientations_iPhone = "UIInterfaceOrientationPortrait UIInterfaceOrientationLandscapeLeft UIInterfaceOrientationLandscapeRight";
				LD_RUNPATH_SEARCH_PATHS = (
					"$(inherited)",
					"@executable_path/Frameworks",
				);
				MARKETING_VERSION = 1.0;
				PRODUCT_BUNDLE_IDENTIFIER = ZhukMaryna.HomeWork5;
				PRODUCT_NAME = "$(TARGET_NAME)";
				SWIFT_EMIT_LOC_STRINGS = YES;
				SWIFT_VERSION = 5.0;
				TARGETED_DEVICE_FAMILY = "1,2";
			};
			name = Release;
		};
		059CDA542B98B8000042BB55 /* Debug */ = {
			isa = XCBuildConfiguration;
			buildSettings = {
				ALWAYS_EMBED_SWIFT_STANDARD_LIBRARIES = YES;
				BUNDLE_LOADER = "$(TEST_HOST)";
				CODE_SIGN_STYLE = Automatic;
				CURRENT_PROJECT_VERSION = 1;
				GENERATE_INFOPLIST_FILE = YES;
				IPHONEOS_DEPLOYMENT_TARGET = 17.2;
				MARKETING_VERSION = 1.0;
				PRODUCT_BUNDLE_IDENTIFIER = ZhukMaryna.HomeWork5Tests;
				PRODUCT_NAME = "$(TARGET_NAME)";
				SWIFT_EMIT_LOC_STRINGS = NO;
				SWIFT_VERSION = 5.0;
				TARGETED_DEVICE_FAMILY = "1,2";
				TEST_HOST = "$(BUILT_PRODUCTS_DIR)/HomeWork5.app/$(BUNDLE_EXECUTABLE_FOLDER_PATH)/HomeWork5";
			};
			name = Debug;
		};
		059CDA552B98B8000042BB55 /* Release */ = {
			isa = XCBuildConfiguration;
			buildSettings = {
				ALWAYS_EMBED_SWIFT_STANDARD_LIBRARIES = YES;
				BUNDLE_LOADER = "$(TEST_HOST)";
				CODE_SIGN_STYLE = Automatic;
				CURRENT_PROJECT_VERSION = 1;
				GENERATE_INFOPLIST_FILE = YES;
				IPHONEOS_DEPLOYMENT_TARGET = 17.2;
				MARKETING_VERSION = 1.0;
				PRODUCT_BUNDLE_IDENTIFIER = ZhukMaryna.HomeWork5Tests;
				PRODUCT_NAME = "$(TARGET_NAME)";
				SWIFT_EMIT_LOC_STRINGS = NO;
				SWIFT_VERSION = 5.0;
				TARGETED_DEVICE_FAMILY = "1,2";
				TEST_HOST = "$(BUILT_PRODUCTS_DIR)/HomeWork5.app/$(BUNDLE_EXECUTABLE_FOLDER_PATH)/HomeWork5";
			};
			name = Release;
		};
		059CDA572B98B8000042BB55 /* Debug */ = {
			isa = XCBuildConfiguration;
			buildSettings = {
				ALWAYS_EMBED_SWIFT_STANDARD_LIBRARIES = YES;
				CODE_SIGN_STYLE = Automatic;
				CURRENT_PROJECT_VERSION = 1;
				GENERATE_INFOPLIST_FILE = YES;
				MARKETING_VERSION = 1.0;
				PRODUCT_BUNDLE_IDENTIFIER = ZhukMaryna.HomeWork5UITests;
				PRODUCT_NAME = "$(TARGET_NAME)";
				SWIFT_EMIT_LOC_STRINGS = NO;
				SWIFT_VERSION = 5.0;
				TARGETED_DEVICE_FAMILY = "1,2";
				TEST_TARGET_NAME = HomeWork5;
			};
			name = Debug;
		};
		059CDA582B98B8000042BB55 /* Release */ = {
			isa = XCBuildConfiguration;
			buildSettings = {
				ALWAYS_EMBED_SWIFT_STANDARD_LIBRARIES = YES;
				CODE_SIGN_STYLE = Automatic;
				CURRENT_PROJECT_VERSION = 1;
				GENERATE_INFOPLIST_FILE = YES;
				MARKETING_VERSION = 1.0;
				PRODUCT_BUNDLE_IDENTIFIER = ZhukMaryna.HomeWork5UITests;
				PRODUCT_NAME = "$(TARGET_NAME)";
				SWIFT_EMIT_LOC_STRINGS = NO;
				SWIFT_VERSION = 5.0;
				TARGETED_DEVICE_FAMILY = "1,2";
				TEST_TARGET_NAME = HomeWork5;
			};
			name = Release;
		};
/* End XCBuildConfiguration section */

/* Begin XCConfigurationList section */
		059CDA212B98B7FC0042BB55 /* Build configuration list for PBXProject "HomeWork5" */ = {
			isa = XCConfigurationList;
			buildConfigurations = (
				059CDA4E2B98B8000042BB55 /* Debug */,
				059CDA4F2B98B8000042BB55 /* Release */,
			);
			defaultConfigurationIsVisible = 0;
			defaultConfigurationName = Release;
		};
		059CDA502B98B8000042BB55 /* Build configuration list for PBXNativeTarget "HomeWork5" */ = {
			isa = XCConfigurationList;
			buildConfigurations = (
				059CDA512B98B8000042BB55 /* Debug */,
				059CDA522B98B8000042BB55 /* Release */,
			);
			defaultConfigurationIsVisible = 0;
			defaultConfigurationName = Release;
		};
		059CDA532B98B8000042BB55 /* Build configuration list for PBXNativeTarget "HomeWork5Tests" */ = {
			isa = XCConfigurationList;
			buildConfigurations = (
				059CDA542B98B8000042BB55 /* Debug */,
				059CDA552B98B8000042BB55 /* Release */,
			);
			defaultConfigurationIsVisible = 0;
			defaultConfigurationName = Release;
		};
		059CDA562B98B8000042BB55 /* Build configuration list for PBXNativeTarget "HomeWork5UITests" */ = {
			isa = XCConfigurationList;
			buildConfigurations = (
				059CDA572B98B8000042BB55 /* Debug */,
				059CDA582B98B8000042BB55 /* Release */,
			);
			defaultConfigurationIsVisible = 0;
			defaultConfigurationName = Release;
		};
/* End XCConfigurationList section */
	};
	rootObject = 059CDA1E2B98B7FC0042BB55 /* Project object */;
}
